// !$*UTF8*$!
{
	archiveVersion = 1;
	classes = {
	};
	objectVersion = 56;
	objects = {

/* Begin PBXBuildFile section */
		712A30972BDA39AB00854CA1 /* AppDelegate.swift in Sources */ = {isa = PBXBuildFile; fileRef = 712A30962BDA39AB00854CA1 /* AppDelegate.swift */; };
		712A30992BDA39AB00854CA1 /* SceneDelegate.swift in Sources */ = {isa = PBXBuildFile; fileRef = 712A30982BDA39AB00854CA1 /* SceneDelegate.swift */; };
		712A309B2BDA39AB00854CA1 /* ViewController.swift in Sources */ = {isa = PBXBuildFile; fileRef = 712A309A2BDA39AB00854CA1 /* ViewController.swift */; };
		712A309E2BDA39AB00854CA1 /* Main.storyboard in Resources */ = {isa = PBXBuildFile; fileRef = 712A309C2BDA39AB00854CA1 /* Main.storyboard */; };
		712A30A02BDA39AC00854CA1 /* Assets.xcassets in Resources */ = {isa = PBXBuildFile; fileRef = 712A309F2BDA39AC00854CA1 /* Assets.xcassets */; };
		712A30A32BDA39AC00854CA1 /* LaunchScreen.storyboard in Resources */ = {isa = PBXBuildFile; fileRef = 712A30A12BDA39AC00854CA1 /* LaunchScreen.storyboard */; };
		712A30AE2BDA39AC00854CA1 /* SwiggyLoginTests.swift in Sources */ = {isa = PBXBuildFile; fileRef = 712A30AD2BDA39AC00854CA1 /* SwiggyLoginTests.swift */; };
		712A30B82BDA39AC00854CA1 /* SwiggyLoginUITests.swift in Sources */ = {isa = PBXBuildFile; fileRef = 712A30B72BDA39AC00854CA1 /* SwiggyLoginUITests.swift */; };
		712A30BA2BDA39AC00854CA1 /* SwiggyLoginUITestsLaunchTests.swift in Sources */ = {isa = PBXBuildFile; fileRef = 712A30B92BDA39AC00854CA1 /* SwiggyLoginUITestsLaunchTests.swift */; };
		719120392BE201A200D7BFA1 /* VerifyViewController.swift in Sources */ = {isa = PBXBuildFile; fileRef = 719120382BE201A200D7BFA1 /* VerifyViewController.swift */; };
		7191203B2BE204F100D7BFA1 /* OtpViewController.swift in Sources */ = {isa = PBXBuildFile; fileRef = 7191203A2BE204F100D7BFA1 /* OtpViewController.swift */; };
/* End PBXBuildFile section */

/* Begin PBXContainerItemProxy section */
		712A30AA2BDA39AC00854CA1 /* PBXContainerItemProxy */ = {
			isa = PBXContainerItemProxy;
			containerPortal = 712A308B2BDA39AB00854CA1 /* Project object */;
			proxyType = 1;
			remoteGlobalIDString = 712A30922BDA39AB00854CA1;
			remoteInfo = SwiggyLogin;
		};
		712A30B42BDA39AC00854CA1 /* PBXContainerItemProxy */ = {
			isa = PBXContainerItemProxy;
			containerPortal = 712A308B2BDA39AB00854CA1 /* Project object */;
			proxyType = 1;
			remoteGlobalIDString = 712A30922BDA39AB00854CA1;
			remoteInfo = SwiggyLogin;
		};
/* End PBXContainerItemProxy section */

/* Begin PBXFileReference section */
		712A30932BDA39AB00854CA1 /* SwiggyLogin.app */ = {isa = PBXFileReference; explicitFileType = wrapper.application; includeInIndex = 0; path = SwiggyLogin.app; sourceTree = BUILT_PRODUCTS_DIR; };
		712A30962BDA39AB00854CA1 /* AppDelegate.swift */ = {isa = PBXFileReference; lastKnownFileType = sourcecode.swift; path = AppDelegate.swift; sourceTree = "<group>"; };
		712A30982BDA39AB00854CA1 /* SceneDelegate.swift */ = {isa = PBXFileReference; lastKnownFileType = sourcecode.swift; path = SceneDelegate.swift; sourceTree = "<group>"; };
		712A309A2BDA39AB00854CA1 /* ViewController.swift */ = {isa = PBXFileReference; lastKnownFileType = sourcecode.swift; path = ViewController.swift; sourceTree = "<group>"; };
		712A309D2BDA39AB00854CA1 /* Base */ = {isa = PBXFileReference; lastKnownFileType = file.storyboard; name = Base; path = Base.lproj/Main.storyboard; sourceTree = "<group>"; };
		712A309F2BDA39AC00854CA1 /* Assets.xcassets */ = {isa = PBXFileReference; lastKnownFileType = folder.assetcatalog; path = Assets.xcassets; sourceTree = "<group>"; };
		712A30A22BDA39AC00854CA1 /* Base */ = {isa = PBXFileReference; lastKnownFileType = file.storyboard; name = Base; path = Base.lproj/LaunchScreen.storyboard; sourceTree = "<group>"; };
		712A30A42BDA39AC00854CA1 /* Info.plist */ = {isa = PBXFileReference; lastKnownFileType = text.plist.xml; path = Info.plist; sourceTree = "<group>"; };
		712A30A92BDA39AC00854CA1 /* SwiggyLoginTests.xctest */ = {isa = PBXFileReference; explicitFileType = wrapper.cfbundle; includeInIndex = 0; path = SwiggyLoginTests.xctest; sourceTree = BUILT_PRODUCTS_DIR; };
		712A30AD2BDA39AC00854CA1 /* SwiggyLoginTests.swift */ = {isa = PBXFileReference; lastKnownFileType = sourcecode.swift; path = SwiggyLoginTests.swift; sourceTree = "<group>"; };
		712A30B32BDA39AC00854CA1 /* SwiggyLoginUITests.xctest */ = {isa = PBXFileReference; explicitFileType = wrapper.cfbundle; includeInIndex = 0; path = SwiggyLoginUITests.xctest; sourceTree = BUILT_PRODUCTS_DIR; };
		712A30B72BDA39AC00854CA1 /* SwiggyLoginUITests.swift */ = {isa = PBXFileReference; lastKnownFileType = sourcecode.swift; path = SwiggyLoginUITests.swift; sourceTree = "<group>"; };
		712A30B92BDA39AC00854CA1 /* SwiggyLoginUITestsLaunchTests.swift */ = {isa = PBXFileReference; lastKnownFileType = sourcecode.swift; path = SwiggyLoginUITestsLaunchTests.swift; sourceTree = "<group>"; };
		719120382BE201A200D7BFA1 /* VerifyViewController.swift */ = {isa = PBXFileReference; lastKnownFileType = sourcecode.swift; path = VerifyViewController.swift; sourceTree = "<group>"; };
		7191203A2BE204F100D7BFA1 /* OtpViewController.swift */ = {isa = PBXFileReference; lastKnownFileType = sourcecode.swift; path = OtpViewController.swift; sourceTree = "<group>"; };
/* End PBXFileReference section */

/* Begin PBXFrameworksBuildPhase section */
		712A30902BDA39AB00854CA1 /* Frameworks */ = {
			isa = PBXFrameworksBuildPhase;
			buildActionMask = 2147483647;
			files = (
			);
			runOnlyForDeploymentPostprocessing = 0;
		};
		712A30A62BDA39AC00854CA1 /* Frameworks */ = {
			isa = PBXFrameworksBuildPhase;
			buildActionMask = 2147483647;
			files = (
			);
			runOnlyForDeploymentPostprocessing = 0;
		};
		712A30B02BDA39AC00854CA1 /* Frameworks */ = {
			isa = PBXFrameworksBuildPhase;
			buildActionMask = 2147483647;
			files = (
			);
			runOnlyForDeploymentPostprocessing = 0;
		};
/* End PBXFrameworksBuildPhase section */

/* Begin PBXGroup section */
		712A308A2BDA39AB00854CA1 = {
			isa = PBXGroup;
			children = (
				712A30952BDA39AB00854CA1 /* SwiggyLogin */,
				712A30AC2BDA39AC00854CA1 /* SwiggyLoginTests */,
				712A30B62BDA39AC00854CA1 /* SwiggyLoginUITests */,
				712A30942BDA39AB00854CA1 /* Products */,
			);
			sourceTree = "<group>";
		};
		712A30942BDA39AB00854CA1 /* Products */ = {
			isa = PBXGroup;
			children = (
				712A30932BDA39AB00854CA1 /* SwiggyLogin.app */,
				712A30A92BDA39AC00854CA1 /* SwiggyLoginTests.xctest */,
				712A30B32BDA39AC00854CA1 /* SwiggyLoginUITests.xctest */,
			);
			name = Products;
			sourceTree = "<group>";
		};
		712A30952BDA39AB00854CA1 /* SwiggyLogin */ = {
			isa = PBXGroup;
			children = (
				712A30962BDA39AB00854CA1 /* AppDelegate.swift */,
				712A30982BDA39AB00854CA1 /* SceneDelegate.swift */,
				712A309A2BDA39AB00854CA1 /* ViewController.swift */,
				712A309C2BDA39AB00854CA1 /* Main.storyboard */,
				712A309F2BDA39AC00854CA1 /* Assets.xcassets */,
				712A30A12BDA39AC00854CA1 /* LaunchScreen.storyboard */,
				712A30A42BDA39AC00854CA1 /* Info.plist */,
				719120382BE201A200D7BFA1 /* VerifyViewController.swift */,
				7191203A2BE204F100D7BFA1 /* OtpViewController.swift */,
			);
			path = SwiggyLogin;
			sourceTree = "<group>";
		};
		712A30AC2BDA39AC00854CA1 /* SwiggyLoginTests */ = {
			isa = PBXGroup;
			children = (
				712A30AD2BDA39AC00854CA1 /* SwiggyLoginTests.swift */,
			);
			path = SwiggyLoginTests;
			sourceTree = "<group>";
		};
		712A30B62BDA39AC00854CA1 /* SwiggyLoginUITests */ = {
			isa = PBXGroup;
			children = (
				712A30B72BDA39AC00854CA1 /* SwiggyLoginUITests.swift */,
				712A30B92BDA39AC00854CA1 /* SwiggyLoginUITestsLaunchTests.swift */,
			);
			path = SwiggyLoginUITests;
			sourceTree = "<group>";
		};
/* End PBXGroup section */

/* Begin PBXNativeTarget section */
		712A30922BDA39AB00854CA1 /* SwiggyLogin */ = {
			isa = PBXNativeTarget;
			buildConfigurationList = 712A30BD2BDA39AC00854CA1 /* Build configuration list for PBXNativeTarget "SwiggyLogin" */;
			buildPhases = (
				712A308F2BDA39AB00854CA1 /* Sources */,
				712A30902BDA39AB00854CA1 /* Frameworks */,
				712A30912BDA39AB00854CA1 /* Resources */,
			);
			buildRules = (
			);
			dependencies = (
			);
			name = SwiggyLogin;
			productName = SwiggyLogin;
			productReference = 712A30932BDA39AB00854CA1 /* SwiggyLogin.app */;
			productType = "com.apple.product-type.application";
		};
		712A30A82BDA39AC00854CA1 /* SwiggyLoginTests */ = {
			isa = PBXNativeTarget;
			buildConfigurationList = 712A30C02BDA39AC00854CA1 /* Build configuration list for PBXNativeTarget "SwiggyLoginTests" */;
			buildPhases = (
				712A30A52BDA39AC00854CA1 /* Sources */,
				712A30A62BDA39AC00854CA1 /* Frameworks */,
				712A30A72BDA39AC00854CA1 /* Resources */,
			);
			buildRules = (
			);
			dependencies = (
				712A30AB2BDA39AC00854CA1 /* PBXTargetDependency */,
			);
			name = SwiggyLoginTests;
			productName = SwiggyLoginTests;
			productReference = 712A30A92BDA39AC00854CA1 /* SwiggyLoginTests.xctest */;
			productType = "com.apple.product-type.bundle.unit-test";
		};
		712A30B22BDA39AC00854CA1 /* SwiggyLoginUITests */ = {
			isa = PBXNativeTarget;
			buildConfigurationList = 712A30C32BDA39AC00854CA1 /* Build configuration list for PBXNativeTarget "SwiggyLoginUITests" */;
			buildPhases = (
				712A30AF2BDA39AC00854CA1 /* Sources */,
				712A30B02BDA39AC00854CA1 /* Frameworks */,
				712A30B12BDA39AC00854CA1 /* Resources */,
			);
			buildRules = (
			);
			dependencies = (
				712A30B52BDA39AC00854CA1 /* PBXTargetDependency */,
			);
			name = SwiggyLoginUITests;
			productName = SwiggyLoginUITests;
			productReference = 712A30B32BDA39AC00854CA1 /* SwiggyLoginUITests.xctest */;
			productType = "com.apple.product-type.bundle.ui-testing";
		};
/* End PBXNativeTarget section */

/* Begin PBXProject section */
		712A308B2BDA39AB00854CA1 /* Project object */ = {
			isa = PBXProject;
			attributes = {
				BuildIndependentTargetsInParallel = 1;
				LastSwiftUpdateCheck = 1520;
				LastUpgradeCheck = 1520;
				TargetAttributes = {
					712A30922BDA39AB00854CA1 = {
						CreatedOnToolsVersion = 15.2;
					};
					712A30A82BDA39AC00854CA1 = {
						CreatedOnToolsVersion = 15.2;
						TestTargetID = 712A30922BDA39AB00854CA1;
					};
					712A30B22BDA39AC00854CA1 = {
						CreatedOnToolsVersion = 15.2;
						TestTargetID = 712A30922BDA39AB00854CA1;
					};
				};
			};
			buildConfigurationList = 712A308E2BDA39AB00854CA1 /* Build configuration list for PBXProject "SwiggyLogin" */;
			compatibilityVersion = "Xcode 14.0";
			developmentRegion = en;
			hasScannedForEncodings = 0;
			knownRegions = (
				en,
				Base,
			);
			mainGroup = 712A308A2BDA39AB00854CA1;
			productRefGroup = 712A30942BDA39AB00854CA1 /* Products */;
			projectDirPath = "";
			projectRoot = "";
			targets = (
				712A30922BDA39AB00854CA1 /* SwiggyLogin */,
				712A30A82BDA39AC00854CA1 /* SwiggyLoginTests */,
				712A30B22BDA39AC00854CA1 /* SwiggyLoginUITests */,
			);
		};
/* End PBXProject section */

/* Begin PBXResourcesBuildPhase section */
		712A30912BDA39AB00854CA1 /* Resources */ = {
			isa = PBXResourcesBuildPhase;
			buildActionMask = 2147483647;
			files = (
				712A30A32BDA39AC00854CA1 /* LaunchScreen.storyboard in Resources */,
				712A30A02BDA39AC00854CA1 /* Assets.xcassets in Resources */,
				712A309E2BDA39AB00854CA1 /* Main.storyboard in Resources */,
			);
			runOnlyForDeploymentPostprocessing = 0;
		};
		712A30A72BDA39AC00854CA1 /* Resources */ = {
			isa = PBXResourcesBuildPhase;
			buildActionMask = 2147483647;
			files = (
			);
			runOnlyForDeploymentPostprocessing = 0;
		};
		712A30B12BDA39AC00854CA1 /* Resources */ = {
			isa = PBXResourcesBuildPhase;
			buildActionMask = 2147483647;
			files = (
			);
			runOnlyForDeploymentPostprocessing = 0;
		};
/* End PBXResourcesBuildPhase section */

/* Begin PBXSourcesBuildPhase section */
		712A308F2BDA39AB00854CA1 /* Sources */ = {
			isa = PBXSourcesBuildPhase;
			buildActionMask = 2147483647;
			files = (
				7191203B2BE204F100D7BFA1 /* OtpViewController.swift in Sources */,
				712A309B2BDA39AB00854CA1 /* ViewController.swift in Sources */,
				719120392BE201A200D7BFA1 /* VerifyViewController.swift in Sources */,
				712A30972BDA39AB00854CA1 /* AppDelegate.swift in Sources */,
				712A30992BDA39AB00854CA1 /* SceneDelegate.swift in Sources */,
			);
			runOnlyForDeploymentPostprocessing = 0;
		};
		712A30A52BDA39AC00854CA1 /* Sources */ = {
			isa = PBXSourcesBuildPhase;
			buildActionMask = 2147483647;
			files = (
				712A30AE2BDA39AC00854CA1 /* SwiggyLoginTests.swift in Sources */,
			);
			runOnlyForDeploymentPostprocessing = 0;
		};
		712A30AF2BDA39AC00854CA1 /* Sources */ = {
			isa = PBXSourcesBuildPhase;
			buildActionMask = 2147483647;
			files = (
				712A30BA2BDA39AC00854CA1 /* SwiggyLoginUITestsLaunchTests.swift in Sources */,
				712A30B82BDA39AC00854CA1 /* SwiggyLoginUITests.swift in Sources */,
			);
			runOnlyForDeploymentPostprocessing = 0;
		};
/* End PBXSourcesBuildPhase section */

/* Begin PBXTargetDependency section */
		712A30AB2BDA39AC00854CA1 /* PBXTargetDependency */ = {
			isa = PBXTargetDependency;
			target = 712A30922BDA39AB00854CA1 /* SwiggyLogin */;
			targetProxy = 712A30AA2BDA39AC00854CA1 /* PBXContainerItemProxy */;
		};
		712A30B52BDA39AC00854CA1 /* PBXTargetDependency */ = {
			isa = PBXTargetDependency;
			target = 712A30922BDA39AB00854CA1 /* SwiggyLogin */;
			targetProxy = 712A30B42BDA39AC00854CA1 /* PBXContainerItemProxy */;
		};
/* End PBXTargetDependency section */

/* Begin PBXVariantGroup section */
		712A309C2BDA39AB00854CA1 /* Main.storyboard */ = {
			isa = PBXVariantGroup;
			children = (
				712A309D2BDA39AB00854CA1 /* Base */,
			);
			name = Main.storyboard;
			sourceTree = "<group>";
		};
		712A30A12BDA39AC00854CA1 /* LaunchScreen.storyboard */ = {
			isa = PBXVariantGroup;
			children = (
				712A30A22BDA39AC00854CA1 /* Base */,
			);
			name = LaunchScreen.storyboard;
			sourceTree = "<group>";
		};
/* End PBXVariantGroup section */

/* Begin XCBuildConfiguration section */
		712A30BB2BDA39AC00854CA1 /* Debug */ = {
			isa = XCBuildConfiguration;
			buildSettings = {
				ALWAYS_SEARCH_USER_PATHS = NO;
				ASSETCATALOG_COMPILER_GENERATE_SWIFT_ASSET_SYMBOL_EXTENSIONS = YES;
				CLANG_ANALYZER_NONNULL = YES;
				CLANG_ANALYZER_NUMBER_OBJECT_CONVERSION = YES_AGGRESSIVE;
				CLANG_CXX_LANGUAGE_STANDARD = "gnu++20";
				CLANG_ENABLE_MODULES = YES;
				CLANG_ENABLE_OBJC_ARC = YES;
				CLANG_ENABLE_OBJC_WEAK = YES;
				CLANG_WARN_BLOCK_CAPTURE_AUTORELEASING = YES;
				CLANG_WARN_BOOL_CONVERSION = YES;
				CLANG_WARN_COMMA = YES;
				CLANG_WARN_CONSTANT_CONVERSION = YES;
				CLANG_WARN_DEPRECATED_OBJC_IMPLEMENTATIONS = YES;
				CLANG_WARN_DIRECT_OBJC_ISA_USAGE = YES_ERROR;
				CLANG_WARN_DOCUMENTATION_COMMENTS = YES;
				CLANG_WARN_EMPTY_BODY = YES;
				CLANG_WARN_ENUM_CONVERSION = YES;
				CLANG_WARN_INFINITE_RECURSION = YES;
				CLANG_WARN_INT_CONVERSION = YES;
				CLANG_WARN_NON_LITERAL_NULL_CONVERSION = YES;
				CLANG_WARN_OBJC_IMPLICIT_RETAIN_SELF = YES;
				CLANG_WARN_OBJC_LITERAL_CONVERSION = YES;
				CLANG_WARN_OBJC_ROOT_CLASS = YES_ERROR;
				CLANG_WARN_QUOTED_INCLUDE_IN_FRAMEWORK_HEADER = YES;
				CLANG_WARN_RANGE_LOOP_ANALYSIS = YES;
				CLANG_WARN_STRICT_PROTOTYPES = YES;
				CLANG_WARN_SUSPICIOUS_MOVE = YES;
				CLANG_WARN_UNGUARDED_AVAILABILITY = YES_AGGRESSIVE;
				CLANG_WARN_UNREACHABLE_CODE = YES;
				CLANG_WARN__DUPLICATE_METHOD_MATCH = YES;
				COPY_PHASE_STRIP = NO;
				DEBUG_INFORMATION_FORMAT = dwarf;
				ENABLE_STRICT_OBJC_MSGSEND = YES;
				ENABLE_TESTABILITY = YES;
				ENABLE_USER_SCRIPT_SANDBOXING = YES;
				GCC_C_LANGUAGE_STANDARD = gnu17;
				GCC_DYNAMIC_NO_PIC = NO;
				GCC_NO_COMMON_BLOCKS = YES;
				GCC_OPTIMIZATION_LEVEL = 0;
				GCC_PREPROCESSOR_DEFINITIONS = (
					"DEBUG=1",
					"$(inherited)",
				);
				GCC_WARN_64_TO_32_BIT_CONVERSION = YES;
				GCC_WARN_ABOUT_RETURN_TYPE = YES_ERROR;
				GCC_WARN_UNDECLARED_SELECTOR = YES;
				GCC_WARN_UNINITIALIZED_AUTOS = YES_AGGRESSIVE;
				GCC_WARN_UNUSED_FUNCTION = YES;
				GCC_WARN_UNUSED_VARIABLE = YES;
				IPHONEOS_DEPLOYMENT_TARGET = 17.2;
				LOCALIZATION_PREFERS_STRING_CATALOGS = YES;
				MTL_ENABLE_DEBUG_INFO = INCLUDE_SOURCE;
				MTL_FAST_MATH = YES;
				ONLY_ACTIVE_ARCH = YES;
				SDKROOT = iphoneos;
				SWIFT_ACTIVE_COMPILATION_CONDITIONS = "DEBUG $(inherited)";
				SWIFT_OPTIMIZATION_LEVEL = "-Onone";
			};
			name = Debug;
		};
		712A30BC2BDA39AC00854CA1 /* Release */ = {
			isa = XCBuildConfiguration;
			buildSettings = {
				ALWAYS_SEARCH_USER_PATHS = NO;
				ASSETCATALOG_COMPILER_GENERATE_SWIFT_ASSET_SYMBOL_EXTENSIONS = YES;
				CLANG_ANALYZER_NONNULL = YES;
				CLANG_ANALYZER_NUMBER_OBJECT_CONVERSION = YES_AGGRESSIVE;
				CLANG_CXX_LANGUAGE_STANDARD = "gnu++20";
				CLANG_ENABLE_MODULES = YES;
				CLANG_ENABLE_OBJC_ARC = YES;
				CLANG_ENABLE_OBJC_WEAK = YES;
				CLANG_WARN_BLOCK_CAPTURE_AUTORELEASING = YES;
				CLANG_WARN_BOOL_CONVERSION = YES;
				CLANG_WARN_COMMA = YES;
				CLANG_WARN_CONSTANT_CONVERSION = YES;
				CLANG_WARN_DEPRECATED_OBJC_IMPLEMENTATIONS = YES;
				CLANG_WARN_DIRECT_OBJC_ISA_USAGE = YES_ERROR;
				CLANG_WARN_DOCUMENTATION_COMMENTS = YES;
				CLANG_WARN_EMPTY_BODY = YES;
				CLANG_WARN_ENUM_CONVERSION = YES;
				CLANG_WARN_INFINITE_RECURSION = YES;
				CLANG_WARN_INT_CONVERSION = YES;
				CLANG_WARN_NON_LITERAL_NULL_CONVERSION = YES;
				CLANG_WARN_OBJC_IMPLICIT_RETAIN_SELF = YES;
				CLANG_WARN_OBJC_LITERAL_CONVERSION = YES;
				CLANG_WARN_OBJC_ROOT_CLASS = YES_ERROR;
				CLANG_WARN_QUOTED_INCLUDE_IN_FRAMEWORK_HEADER = YES;
				CLANG_WARN_RANGE_LOOP_ANALYSIS = YES;
				CLANG_WARN_STRICT_PROTOTYPES = YES;
				CLANG_WARN_SUSPICIOUS_MOVE = YES;
				CLANG_WARN_UNGUARDED_AVAILABILITY = YES_AGGRESSIVE;
				CLANG_WARN_UNREACHABLE_CODE = YES;
				CLANG_WARN__DUPLICATE_METHOD_MATCH = YES;
				COPY_PHASE_STRIP = NO;
				DEBUG_INFORMATION_FORMAT = "dwarf-with-dsym";
				ENABLE_NS_ASSERTIONS = NO;
				ENABLE_STRICT_OBJC_MSGSEND = YES;
				ENABLE_USER_SCRIPT_SANDBOXING = YES;
				GCC_C_LANGUAGE_STANDARD = gnu17;
				GCC_NO_COMMON_BLOCKS = YES;
				GCC_WARN_64_TO_32_BIT_CONVERSION = YES;
				GCC_WARN_ABOUT_RETURN_TYPE = YES_ERROR;
				GCC_WARN_UNDECLARED_SELECTOR = YES;
				GCC_WARN_UNINITIALIZED_AUTOS = YES_AGGRESSIVE;
				GCC_WARN_UNUSED_FUNCTION = YES;
				GCC_WARN_UNUSED_VARIABLE = YES;
				IPHONEOS_DEPLOYMENT_TARGET = 17.2;
				LOCALIZATION_PREFERS_STRING_CATALOGS = YES;
				MTL_ENABLE_DEBUG_INFO = NO;
				MTL_FAST_MATH = YES;
				SDKROOT = iphoneos;
				SWIFT_COMPILATION_MODE = wholemodule;
				VALIDATE_PRODUCT = YES;
			};
			name = Release;
		};
		712A30BE2BDA39AC00854CA1 /* Debug */ = {
			isa = XCBuildConfiguration;
			buildSettings = {
				ASSETCATALOG_COMPILER_APPICON_NAME = AppIcon;
				ASSETCATALOG_COMPILER_GLOBAL_ACCENT_COLOR_NAME = AccentColor;
				CODE_SIGN_STYLE = Automatic;
				CURRENT_PROJECT_VERSION = 1;
				GENERATE_INFOPLIST_FILE = YES;
				INFOPLIST_FILE = SwiggyLogin/Info.plist;
				INFOPLIST_KEY_UIApplicationSupportsIndirectInputEvents = YES;
				INFOPLIST_KEY_UILaunchStoryboardName = LaunchScreen;
				INFOPLIST_KEY_UIMainStoryboardFile = Main;
				INFOPLIST_KEY_UISupportedInterfaceOrientations_iPad = "UIInterfaceOrientationPortrait UIInterfaceOrientationPortraitUpsideDown UIInterfaceOrientationLandscapeLeft UIInterfaceOrientationLandscapeRight";
				INFOPLIST_KEY_UISupportedInterfaceOrientations_iPhone = "UIInterfaceOrientationPortrait UIInterfaceOrientationLandscapeLeft UIInterfaceOrientationLandscapeRight";
				LD_RUNPATH_SEARCH_PATHS = (
					"$(inherited)",
					"@executable_path/Frameworks",
				);
				MARKETING_VERSION = 1.0;
				PRODUCT_BUNDLE_IDENTIFIER = com.nickelfox.LoginWithNumber.SwiggyLogin;
				PRODUCT_NAME = "$(TARGET_NAME)";
				SWIFT_EMIT_LOC_STRINGS = YES;
				SWIFT_VERSION = 5.0;
				TARGETED_DEVICE_FAMILY = "1,2";
			};
			name = Debug;
		};
		712A30BF2BDA39AC00854CA1 /* Release */ = {
			isa = XCBuildConfiguration;
			buildSettings = {
				ASSETCATALOG_COMPILER_APPICON_NAME = AppIcon;
				ASSETCATALOG_COMPILER_GLOBAL_ACCENT_COLOR_NAME = AccentColor;
				CODE_SIGN_STYLE = Automatic;
				CURRENT_PROJECT_VERSION = 1;
				GENERATE_INFOPLIST_FILE = YES;
				INFOPLIST_FILE = SwiggyLogin/Info.plist;
				INFOPLIST_KEY_UIApplicationSupportsIndirectInputEvents = YES;
				INFOPLIST_KEY_UILaunchStoryboardName = LaunchScreen;
				INFOPLIST_KEY_UIMainStoryboardFile = Main;
				INFOPLIST_KEY_UISupportedInterfaceOrientations_iPad = "UIInterfaceOrientationPortrait UIInterfaceOrientationPortraitUpsideDown UIInterfaceOrientationLandscapeLeft UIInterfaceOrientationLandscapeRight";
				INFOPLIST_KEY_UISupportedInterfaceOrientations_iPhone = "UIInterfaceOrientationPortrait UIInterfaceOrientationLandscapeLeft UIInterfaceOrientationLandscapeRight";
				LD_RUNPATH_SEARCH_PATHS = (
					"$(inherited)",
					"@executable_path/Frameworks",
				);
				MARKETING_VERSION = 1.0;
				PRODUCT_BUNDLE_IDENTIFIER = com.nickelfox.LoginWithNumber.SwiggyLogin;
				PRODUCT_NAME = "$(TARGET_NAME)";
				SWIFT_EMIT_LOC_STRINGS = YES;
				SWIFT_VERSION = 5.0;
				TARGETED_DEVICE_FAMILY = "1,2";
			};
			name = Release;
		};
		712A30C12BDA39AC00854CA1 /* Debug */ = {
			isa = XCBuildConfiguration;
			buildSettings = {
				ALWAYS_EMBED_SWIFT_STANDARD_LIBRARIES = YES;
				BUNDLE_LOADER = "$(TEST_HOST)";
				CODE_SIGN_STYLE = Automatic;
				CURRENT_PROJECT_VERSION = 1;
				GENERATE_INFOPLIST_FILE = YES;
				IPHONEOS_DEPLOYMENT_TARGET = 17.2;
				MARKETING_VERSION = 1.0;
				PRODUCT_BUNDLE_IDENTIFIER = com.nickelfox.LoginWithNumber.SwiggyLoginTests;
				PRODUCT_NAME = "$(TARGET_NAME)";
				SWIFT_EMIT_LOC_STRINGS = NO;
				SWIFT_VERSION = 5.0;
				TARGETED_DEVICE_FAMILY = "1,2";
				TEST_HOST = "$(BUILT_PRODUCTS_DIR)/SwiggyLogin.app/$(BUNDLE_EXECUTABLE_FOLDER_PATH)/SwiggyLogin";
			};
			name = Debug;
		};
		712A30C22BDA39AC00854CA1 /* Release */ = {
			isa = XCBuildConfiguration;
			buildSettings = {
				ALWAYS_EMBED_SWIFT_STANDARD_LIBRARIES = YES;
				BUNDLE_LOADER = "$(TEST_HOST)";
				CODE_SIGN_STYLE = Automatic;
				CURRENT_PROJECT_VERSION = 1;
				GENERATE_INFOPLIST_FILE = YES;
				IPHONEOS_DEPLOYMENT_TARGET = 17.2;
				MARKETING_VERSION = 1.0;
				PRODUCT_BUNDLE_IDENTIFIER = com.nickelfox.LoginWithNumber.SwiggyLoginTests;
				PRODUCT_NAME = "$(TARGET_NAME)";
				SWIFT_EMIT_LOC_STRINGS = NO;
				SWIFT_VERSION = 5.0;
				TARGETED_DEVICE_FAMILY = "1,2";
				TEST_HOST = "$(BUILT_PRODUCTS_DIR)/SwiggyLogin.app/$(BUNDLE_EXECUTABLE_FOLDER_PATH)/SwiggyLogin";
			};
			name = Release;
		};
		712A30C42BDA39AC00854CA1 /* Debug */ = {
			isa = XCBuildConfiguration;
			buildSettings = {
				ALWAYS_EMBED_SWIFT_STANDARD_LIBRARIES = YES;
				CODE_SIGN_STYLE = Automatic;
				CURRENT_PROJECT_VERSION = 1;
				GENERATE_INFOPLIST_FILE = YES;
				MARKETING_VERSION = 1.0;
				PRODUCT_BUNDLE_IDENTIFIER = com.nickelfox.LoginWithNumber.SwiggyLoginUITests;
				PRODUCT_NAME = "$(TARGET_NAME)";
				SWIFT_EMIT_LOC_STRINGS = NO;
				SWIFT_VERSION = 5.0;
				TARGETED_DEVICE_FAMILY = "1,2";
				TEST_TARGET_NAME = SwiggyLogin;
			};
			name = Debug;
		};
		712A30C52BDA39AC00854CA1 /* Release */ = {
			isa = XCBuildConfiguration;
			buildSettings = {
				ALWAYS_EMBED_SWIFT_STANDARD_LIBRARIES = YES;
				CODE_SIGN_STYLE = Automatic;
				CURRENT_PROJECT_VERSION = 1;
				GENERATE_INFOPLIST_FILE = YES;
				MARKETING_VERSION = 1.0;
				PRODUCT_BUNDLE_IDENTIFIER = com.nickelfox.LoginWithNumber.SwiggyLoginUITests;
				PRODUCT_NAME = "$(TARGET_NAME)";
				SWIFT_EMIT_LOC_STRINGS = NO;
				SWIFT_VERSION = 5.0;
				TARGETED_DEVICE_FAMILY = "1,2";
				TEST_TARGET_NAME = SwiggyLogin;
			};
			name = Release;
		};
/* End XCBuildConfiguration section */

/* Begin XCConfigurationList section */
		712A308E2BDA39AB00854CA1 /* Build configuration list for PBXProject "SwiggyLogin" */ = {
			isa = XCConfigurationList;
			buildConfigurations = (
				712A30BB2BDA39AC00854CA1 /* Debug */,
				712A30BC2BDA39AC00854CA1 /* Release */,
			);
			defaultConfigurationIsVisible = 0;
			defaultConfigurationName = Release;
		};
		712A30BD2BDA39AC00854CA1 /* Build configuration list for PBXNativeTarget "SwiggyLogin" */ = {
			isa = XCConfigurationList;
			buildConfigurations = (
				712A30BE2BDA39AC00854CA1 /* Debug */,
				712A30BF2BDA39AC00854CA1 /* Release */,
			);
			defaultConfigurationIsVisible = 0;
			defaultConfigurationName = Release;
		};
		712A30C02BDA39AC00854CA1 /* Build configuration list for PBXNativeTarget "SwiggyLoginTests" */ = {
			isa = XCConfigurationList;
			buildConfigurations = (
				712A30C12BDA39AC00854CA1 /* Debug */,
				712A30C22BDA39AC00854CA1 /* Release */,
			);
			defaultConfigurationIsVisible = 0;
			defaultConfigurationName = Release;
		};
		712A30C32BDA39AC00854CA1 /* Build configuration list for PBXNativeTarget "SwiggyLoginUITests" */ = {
			isa = XCConfigurationList;
			buildConfigurations = (
				712A30C42BDA39AC00854CA1 /* Debug */,
				712A30C52BDA39AC00854CA1 /* Release */,
			);
			defaultConfigurationIsVisible = 0;
			defaultConfigurationName = Release;
		};
/* End XCConfigurationList section */
	};
	rootObject = 712A308B2BDA39AB00854CA1 /* Project object */;
}
